
Microsoft Visual Studio Solution File, Format Version 12.00
# Visual Studio Version 16
VisualStudioVersion = 16.0.33130.400
MinimumVisualStudioVersion = 10.0.40219.1
Project("{FAE04EC0-301F-11D3-BF4B-00C04F79EFBC}") = "CherryEdit", "CherryEdit\CherryEdit.csproj", "{BC873DC4-9CC5-4773-ABF6-3D5CD3850C75}"
EndProject
Global
	GlobalSection(SolutionConfigurationPlatforms) = preSolution
		Debug|Any CPU = Debug|Any CPU
		Release|Any CPU = Release|Any CPU
	EndGlobalSection
	GlobalSection(ProjectConfigurationPlatforms) = postSolution
		{BC873DC4-9CC5-4773-ABF6-3D5CD3850C75}.Debug|Any CPU.ActiveCfg = Debug|Any CPU
		{BC873DC4-9CC5-4773-ABF6-3D5CD3850C75}.Debug|Any CPU.Build.0 = Debug|Any CPU
		{BC873DC4-9CC5-4773-ABF6-3D5CD3850C75}.Release|Any CPU.ActiveCfg = Release|Any CPU
		{BC873DC4-9CC5-4773-ABF6-3D5CD3850C75}.Release|Any CPU.Build.0 = Release|Any CPU
	EndGlobalSection
	GlobalSection(SolutionProperties) = preSolution
		HideSolutionNode = FALSE
	EndGlobalSection
	GlobalSection(ExtensibilityGlobals) = postSolution
		SolutionGuid = {0FE0C3A1-2493-4E7A-A122-462F3D18D16B}
	EndGlobalSection
EndGlobal
