
Microsoft Visual Studio Solution File, Format Version 12.00
# Visual Studio 15
VisualStudioVersion = 15.0.28010.2036
MinimumVisualStudioVersion = 10.0.40219.1
Project("{FAE04EC0-301F-11D3-BF4B-00C04F79EFBC}") = "WpfApplication4", "WpfApplication4.csproj", "{9E315F9A-6B3B-4E1F-B0AA-3D4024D4E056}"
EndProject
Global
	GlobalSection(SolutionConfigurationPlatforms) = preSolution
		Debug|Any CPU = Debug|Any CPU
		Release|Any CPU = Release|Any CPU
	EndGlobalSection
	GlobalSection(ProjectConfigurationPlatforms) = postSolution
		{9E315F9A-6B3B-4E1F-B0AA-3D4024D4E056}.Debug|Any CPU.ActiveCfg = Debug|Any CPU
		{9E315F9A-6B3B-4E1F-B0AA-3D4024D4E056}.Debug|Any CPU.Build.0 = Debug|Any CPU
		{9E315F9A-6B3B-4E1F-B0AA-3D4024D4E056}.Release|Any CPU.ActiveCfg = Release|Any CPU
		{9E315F9A-6B3B-4E1F-B0AA-3D4024D4E056}.Release|Any CPU.Build.0 = Release|Any CPU
	EndGlobalSection
	GlobalSection(SolutionProperties) = preSolution
		HideSolutionNode = FALSE
	EndGlobalSection
	GlobalSection(ExtensibilityGlobals) = postSolution
		SolutionGuid = {293F6094-EEC8-4BFD-9995-2A1CA5659B79}
	EndGlobalSection
EndGlobal
