<?xml version="1.0" encoding="utf-8"?>
<Project ToolsVersion="4.0" xmlns="http://schemas.microsoft.com/developer/msbuild/2003">
  <ItemGroup>
    <Filter Include="Header Files">
      <UniqueIdentifier>{fd8fca92-9cc5-4410-9a20-cf678ab9d728}</UniqueIdentifier>
      <Extensions>h;hpp;hxx;hm;inl</Extensions>
    </Filter>
    <Filter Include="Source Files">
      <UniqueIdentifier>{477c9b1a-2e97-4121-b46e-f05da7ab9730}</UniqueIdentifier>
      <Extensions>cpp;c;cxx;rc;def;r;odl;idl;hpj;bat</Extensions>
    </Filter>
  </ItemGroup>
  <ItemGroup>
    <ClInclude Include="Exception.h">
      <Filter>Header Files</Filter>
    </ClInclude>
    <ClInclude Include="FdInStream.h">
      <Filter>Header Files</Filter>
    </ClInclude>
    <ClInclude Include="FdOutStream.h">
      <Filter>Header Files</Filter>
    </ClInclude>
    <ClInclude Include="FixedMemOutStream.h">
      <Filter>Header Files</Filter>
    </ClInclude>
    <ClInclude Include="HexInStream.h">
      <Filter>Header Files</Filter>
    </ClInclude>
    <ClInclude Include="HexOutStream.h">
      <Filter>Header Files</Filter>
    </ClInclude>
    <ClInclude Include="InStream.h">
      <Filter>Header Files</Filter>
    </ClInclude>
    <ClInclude Include="MemInStream.h">
      <Filter>Header Files</Filter>
    </ClInclude>
    <ClInclude Include="MemOutStream.h">
      <Filter>Header Files</Filter>
    </ClInclude>
    <ClInclude Include="msvcwarning.h">
      <Filter>Header Files</Filter>
    </ClInclude>
    <ClInclude Include="OutStream.h">
      <Filter>Header Files</Filter>
    </ClInclude>
    <ClInclude Include="RandomStream.h">
      <Filter>Header Files</Filter>
    </ClInclude>
    <ClInclude Include="SubstitutingInStream.h">
      <Filter>Header Files</Filter>
    </ClInclude>
    <ClInclude Include="types.h">
      <Filter>Header Files</Filter>
    </ClInclude>
    <ClInclude Include="ZlibInStream.h">
      <Filter>Header Files</Filter>
    </ClInclude>
    <ClInclude Include="ZlibOutStream.h">
      <Filter>Header Files</Filter>
    </ClInclude>
  </ItemGroup>
  <ItemGroup>
    <ClCompile Include="Exception.cxx">
      <Filter>Source Files</Filter>
    </ClCompile>
    <ClCompile Include="FdInStream.cxx">
      <Filter>Source Files</Filter>
    </ClCompile>
    <ClCompile Include="FdOutStream.cxx">
      <Filter>Source Files</Filter>
    </ClCompile>
    <ClCompile Include="HexInStream.cxx">
      <Filter>Source Files</Filter>
    </ClCompile>
    <ClCompile Include="HexOutStream.cxx">
      <Filter>Source Files</Filter>
    </ClCompile>
    <ClCompile Include="InStream.cxx">
      <Filter>Source Files</Filter>
    </ClCompile>
    <ClCompile Include="RandomStream.cxx">
      <Filter>Source Files</Filter>
    </ClCompile>
    <ClCompile Include="ZlibInStream.cxx">
      <Filter>Source Files</Filter>
    </ClCompile>
    <ClCompile Include="ZlibOutStream.cxx">
      <Filter>Source Files</Filter>
    </ClCompile>
  </ItemGroup>
</Project>