
Microsoft Visual Studio Solution File, Format Version 10.00
# Visual Studio 2008
Project("{FAE04EC0-301F-11D3-BF4B-00C04F79EFBC}") = "ExecMenu", "ExecMenu\ExecMenu.csproj", "{859D19CE-D871-47B3-A16C-6D565254FBDE}"
EndProject
Global
	GlobalSection(SolutionConfigurationPlatforms) = preSolution
		Debug|Any CPU = Debug|Any CPU
		Release|Any CPU = Release|Any CPU
	EndGlobalSection
	GlobalSection(ProjectConfigurationPlatforms) = postSolution
		{859D19CE-D871-47B3-A16C-6D565254FBDE}.Debug|Any CPU.ActiveCfg = Debug|Any CPU
		{859D19CE-D871-47B3-A16C-6D565254FBDE}.Debug|Any CPU.Build.0 = Debug|Any CPU
		{859D19CE-D871-47B3-A16C-6D565254FBDE}.Release|Any CPU.ActiveCfg = Release|Any CPU
		{859D19CE-D871-47B3-A16C-6D565254FBDE}.Release|Any CPU.Build.0 = Release|Any CPU
	EndGlobalSection
	GlobalSection(SolutionProperties) = preSolution
		HideSolutionNode = FALSE
	EndGlobalSection
EndGlobal
